
Microsoft Visual Studio Solution File, Format Version 12.00
# Visual Studio Version 17
VisualStudioVersion = 17.7.34003.232
MinimumVisualStudioVersion = 10.0.40219.1
Project("{FAE04EC0-301F-11D3-BF4B-00C04F79EFBC}") = "Casino_V3", "Casino_V3\Casino_V3.csproj", "{0338AB81-DD1C-46B7-A636-9DA4BE3EA425}"
EndProject
Project("{2150E333-8FDC-42A3-9474-1A3956D46DE8}") = "Solution Items", "Solution Items", "{A5F67C65-69D9-4AD5-B2FA-ACE51BAFECB1}"
EndProject
Global
	GlobalSection(SolutionConfigurationPlatforms) = preSolution
		Debug|Any CPU = Debug|Any CPU
		Release|Any CPU = Release|Any CPU
	EndGlobalSection
	GlobalSection(ProjectConfigurationPlatforms) = postSolution
		{0338AB81-DD1C-46B7-A636-9DA4BE3EA425}.Debug|Any CPU.ActiveCfg = Debug|Any CPU
		{0338AB81-DD1C-46B7-A636-9DA4BE3EA425}.Debug|Any CPU.Build.0 = Debug|Any CPU
		{0338AB81-DD1C-46B7-A636-9DA4BE3EA425}.Release|Any CPU.ActiveCfg = Release|Any CPU
		{0338AB81-DD1C-46B7-A636-9DA4BE3EA425}.Release|Any CPU.Build.0 = Release|Any CPU
	EndGlobalSection
	GlobalSection(SolutionProperties) = preSolution
		HideSolutionNode = FALSE
	EndGlobalSection
	GlobalSection(ExtensibilityGlobals) = postSolution
		SolutionGuid = {9949851F-08BA-4D7C-85C2-D5C73325AB23}
	EndGlobalSection
EndGlobal
